
Microsoft Visual Studio Solution File, Format Version 12.00
# Visual Studio Version 16
VisualStudioVersion = 16.0.30114.105
MinimumVisualStudioVersion = 10.0.40219.1
Project("{FAE04EC0-301F-11D3-BF4B-00C04F79EFBC}") = "ServiceApplication", "ServiceApplication.csproj", "{18F25E3A-0F59-4804-A65E-DFD39CAD8DB9}"
EndProject
Global
	GlobalSection(SolutionConfigurationPlatforms) = preSolution
		Debug|Any CPU = Debug|Any CPU
		Release|Any CPU = Release|Any CPU
	EndGlobalSection
	GlobalSection(ProjectConfigurationPlatforms) = postSolution
		{18F25E3A-0F59-4804-A65E-DFD39CAD8DB9}.Debug|Any CPU.ActiveCfg = Debug|Any CPU
		{18F25E3A-0F59-4804-A65E-DFD39CAD8DB9}.Debug|Any CPU.Build.0 = Debug|Any CPU
		{18F25E3A-0F59-4804-A65E-DFD39CAD8DB9}.Release|Any CPU.ActiveCfg = Release|Any CPU
		{18F25E3A-0F59-4804-A65E-DFD39CAD8DB9}.Release|Any CPU.Build.0 = Release|Any CPU
	EndGlobalSection
	GlobalSection(SolutionProperties) = preSolution
		HideSolutionNode = FALSE
	EndGlobalSection
	GlobalSection(ExtensibilityGlobals) = postSolution
		SolutionGuid = {5AFCC537-5F07-43C6-A473-1294C2164C99}
	EndGlobalSection
EndGlobal
