{
    "name": "uberveganmenugroupetroiscesirouen",
    "version": "0.1.7",
    "lockfileVersion": 2,
    "requires": true,
    "packages": {
        "": {
            "name": "uberveganmenugroupetroiscesirouen",
            "version": "0.1.7",
            "dependencies": {
                "vue": "^2.6.11",
                "vue-class-component": "^7.2.3",
                "vue-property-decorator": "^9.1.2",
                "vue-router": "^3.2.0",
                "vuetify": "^2.5.6",
                "vuex": "^3.4.0",
                "vuex-persistedstate": "^4.0.0-beta.3"
            }
        },
        "node_modules/deepmerge": {
            "version": "4.2.2",
            "resolved": "https://registry.npmjs.org/deepmerge/-/deepmerge-4.2.2.tgz",
            "integrity": "sha512-FJ3UgI4gIl+PHZm53knsuSFpE+nESMr7M4v9QcgB7S63Kj/6WqMiFQJpBBYz1Pt+66bZpP3Q7Lye0Oo9MPKEdg==",
            "engines": {
                "node": ">=0.10.0"
            }
        },
        "node_modules/shvl": {
            "version": "2.0.3",
            "resolved": "https://registry.npmjs.org/shvl/-/shvl-2.0.3.tgz",
            "integrity": "sha512-V7C6S9Hlol6SzOJPnQ7qzOVEWUQImt3BNmmzh40wObhla3XOYMe4gGiYzLrJd5TFa+cI2f9LKIRJTTKZSTbWgw=="
        },
        "node_modules/vue": {
            "version": "2.6.14",
            "resolved": "https://registry.npmjs.org/vue/-/vue-2.6.14.tgz",
            "integrity": "sha512-x2284lgYvjOMj3Za7kqzRcUSxBboHqtgRE2zlos1qWaOye5yUmHn42LB1250NJBLRwEcdrB0JRwyPTEPhfQjiQ=="
        },
        "node_modules/vue-class-component": {
            "version": "7.2.6",
            "resolved": "https://registry.npmjs.org/vue-class-component/-/vue-class-component-7.2.6.tgz",
            "integrity": "sha512-+eaQXVrAm/LldalI272PpDe3+i4mPis0ORiMYxF6Ae4hyuCh15W8Idet7wPUEs4N4YptgFHGys4UrgNQOMyO6w==",
            "peerDependencies": {
                "vue": "^2.0.0"
            }
        },
        "node_modules/vue-property-decorator": {
            "version": "9.1.2",
            "resolved": "https://registry.npmjs.org/vue-property-decorator/-/vue-property-decorator-9.1.2.tgz",
            "integrity": "sha512-xYA8MkZynPBGd/w5QFJ2d/NM0z/YeegMqYTphy7NJQXbZcuU6FC6AOdUAcy4SXP+YnkerC6AfH+ldg7PDk9ESQ==",
            "peerDependencies": {
                "vue": "*",
                "vue-class-component": "*"
            }
        },
        "node_modules/vue-router": {
            "version": "3.5.2",
            "resolved": "https://registry.npmjs.org/vue-router/-/vue-router-3.5.2.tgz",
            "integrity": "sha512-807gn82hTnjCYGrnF3eNmIw/dk7/GE4B5h69BlyCK9KHASwSloD1Sjcn06zg9fVG4fYH2DrsNBZkpLtb25WtaQ=="
        },
        "node_modules/vuetify": {
            "version": "2.5.6",
            "resolved": "https://registry.npmjs.org/vuetify/-/vuetify-2.5.6.tgz",
            "integrity": "sha512-2T8ML5PYuJ/AdMVH3ZIvzHnsM0nX8t4Xzj+0HFFGfLT7jLlptCFpG+JE8+kyrgGZlbUgulyOwCUu8hJkVsReFA==",
            "funding": {
                "type": "github",
                "url": "https://github.com/sponsors/johnleider"
            },
            "peerDependencies": {
                "vue": "^2.6.4"
            }
        },
        "node_modules/vuex": {
            "version": "3.6.2",
            "resolved": "https://registry.npmjs.org/vuex/-/vuex-3.6.2.tgz",
            "integrity": "sha512-ETW44IqCgBpVomy520DT5jf8n0zoCac+sxWnn+hMe/CzaSejb/eVw2YToiXYX+Ex/AuHHia28vWTq4goAexFbw==",
            "peerDependencies": {
                "vue": "^2.0.0"
            }
        },
        "node_modules/vuex-persistedstate": {
            "version": "4.0.0-beta.3",
            "resolved": "https://registry.npmjs.org/vuex-persistedstate/-/vuex-persistedstate-4.0.0-beta.3.tgz",
            "integrity": "sha512-T4IRD27qoUWh+8qr6T6zVp15xO7x/nPgnU13OD0C2uUwA7U9PhGozrj6lvVmMYDyRgc36J0msMXn3GvwHjkIhA==",
            "dependencies": {
                "deepmerge": "^4.2.2",
                "shvl": "^2.0.2"
            },
            "peerDependencies": {
                "vuex": "^3.0 || ^4.0.0-rc"
            }
        }
    },
    "dependencies": {
        "deepmerge": {
            "version": "4.2.2",
            "resolved": "https://registry.npmjs.org/deepmerge/-/deepmerge-4.2.2.tgz",
            "integrity": "sha512-FJ3UgI4gIl+PHZm53knsuSFpE+nESMr7M4v9QcgB7S63Kj/6WqMiFQJpBBYz1Pt+66bZpP3Q7Lye0Oo9MPKEdg=="
        },
        "shvl": {
            "version": "2.0.3",
            "resolved": "https://registry.npmjs.org/shvl/-/shvl-2.0.3.tgz",
            "integrity": "sha512-V7C6S9Hlol6SzOJPnQ7qzOVEWUQImt3BNmmzh40wObhla3XOYMe4gGiYzLrJd5TFa+cI2f9LKIRJTTKZSTbWgw=="
        },
        "vue": {
            "version": "2.6.14",
            "resolved": "https://registry.npmjs.org/vue/-/vue-2.6.14.tgz",
            "integrity": "sha512-x2284lgYvjOMj3Za7kqzRcUSxBboHqtgRE2zlos1qWaOye5yUmHn42LB1250NJBLRwEcdrB0JRwyPTEPhfQjiQ=="
        },
        "vue-class-component": {
            "version": "7.2.6",
            "resolved": "https://registry.npmjs.org/vue-class-component/-/vue-class-component-7.2.6.tgz",
            "integrity": "sha512-+eaQXVrAm/LldalI272PpDe3+i4mPis0ORiMYxF6Ae4hyuCh15W8Idet7wPUEs4N4YptgFHGys4UrgNQOMyO6w==",
            "requires": {}
        },
        "vue-property-decorator": {
            "version": "9.1.2",
            "resolved": "https://registry.npmjs.org/vue-property-decorator/-/vue-property-decorator-9.1.2.tgz",
            "integrity": "sha512-xYA8MkZynPBGd/w5QFJ2d/NM0z/YeegMqYTphy7NJQXbZcuU6FC6AOdUAcy4SXP+YnkerC6AfH+ldg7PDk9ESQ==",
            "requires": {}
        },
        "vue-router": {
            "version": "3.5.2",
            "resolved": "https://registry.npmjs.org/vue-router/-/vue-router-3.5.2.tgz",
            "integrity": "sha512-807gn82hTnjCYGrnF3eNmIw/dk7/GE4B5h69BlyCK9KHASwSloD1Sjcn06zg9fVG4fYH2DrsNBZkpLtb25WtaQ=="
        },
        "vuetify": {
            "version": "2.5.6",
            "resolved": "https://registry.npmjs.org/vuetify/-/vuetify-2.5.6.tgz",
            "integrity": "sha512-2T8ML5PYuJ/AdMVH3ZIvzHnsM0nX8t4Xzj+0HFFGfLT7jLlptCFpG+JE8+kyrgGZlbUgulyOwCUu8hJkVsReFA==",
            "requires": {}
        },
        "vuex": {
            "version": "3.6.2",
            "resolved": "https://registry.npmjs.org/vuex/-/vuex-3.6.2.tgz",
            "integrity": "sha512-ETW44IqCgBpVomy520DT5jf8n0zoCac+sxWnn+hMe/CzaSejb/eVw2YToiXYX+Ex/AuHHia28vWTq4goAexFbw==",
            "requires": {}
        },
        "vuex-persistedstate": {
            "version": "4.0.0-beta.3",
            "resolved": "https://registry.npmjs.org/vuex-persistedstate/-/vuex-persistedstate-4.0.0-beta.3.tgz",
            "integrity": "sha512-T4IRD27qoUWh+8qr6T6zVp15xO7x/nPgnU13OD0C2uUwA7U9PhGozrj6lvVmMYDyRgc36J0msMXn3GvwHjkIhA==",
            "requires": {
                "deepmerge": "^4.2.2",
                "shvl": "^2.0.2"
            }
        }
    }
}
